
Microsoft Visual Studio Solution File, Format Version 12.00
# Visual Studio Version 16
VisualStudioVersion = 16.0.32106.194
MinimumVisualStudioVersion = 10.0.40219.1
Project("{FAE04EC0-301F-11D3-BF4B-00C04F79EFBC}") = "Phidget_Example", "Phidget_Example.csproj", "{A5B1000F-D218-434E-A92A-7F2822AF9C19}"
EndProject
Project("{FAE04EC0-301F-11D3-BF4B-00C04F79EFBC}") = "SubscriberService", "SubscriberService\SubscriberService.csproj", "{3DE54135-A05E-4796-B192-7048D6CA156E}"
EndProject
Global
	GlobalSection(SolutionConfigurationPlatforms) = preSolution
		Debug|Any CPU = Debug|Any CPU
		Release|Any CPU = Release|Any CPU
	EndGlobalSection
	GlobalSection(ProjectConfigurationPlatforms) = postSolution
		{A5B1000F-D218-434E-A92A-7F2822AF9C19}.Debug|Any CPU.ActiveCfg = Debug|Any CPU
		{A5B1000F-D218-434E-A92A-7F2822AF9C19}.Debug|Any CPU.Build.0 = Debug|Any CPU
		{A5B1000F-D218-434E-A92A-7F2822AF9C19}.Release|Any CPU.ActiveCfg = Release|Any CPU
		{A5B1000F-D218-434E-A92A-7F2822AF9C19}.Release|Any CPU.Build.0 = Release|Any CPU
		{3DE54135-A05E-4796-B192-7048D6CA156E}.Debug|Any CPU.ActiveCfg = Debug|Any CPU
		{3DE54135-A05E-4796-B192-7048D6CA156E}.Debug|Any CPU.Build.0 = Debug|Any CPU
		{3DE54135-A05E-4796-B192-7048D6CA156E}.Release|Any CPU.ActiveCfg = Release|Any CPU
		{3DE54135-A05E-4796-B192-7048D6CA156E}.Release|Any CPU.Build.0 = Release|Any CPU
	EndGlobalSection
	GlobalSection(SolutionProperties) = preSolution
		HideSolutionNode = FALSE
	EndGlobalSection
	GlobalSection(ExtensibilityGlobals) = postSolution
		SolutionGuid = {8C0FD642-0F23-48ED-9967-E0D5FF2D3A22}
	EndGlobalSection
EndGlobal
